
Microsoft Visual Studio Solution File, Format Version 12.00
# Visual Studio Version 17
VisualStudioVersion = 17.9.34607.119
MinimumVisualStudioVersion = 10.0.40219.1
Project("{FAE04EC0-301F-11D3-BF4B-00C04F79EFBC}") = "Practice_IComparable_Sorting_MatthewVargas", "Practice_IComparable_Sorting_MatthewVargas\Practice_IComparable_Sorting_MatthewVargas.csproj", "{29BF225F-9278-4B09-99EA-1717A5A330A9}"
EndProject
Global
	GlobalSection(SolutionConfigurationPlatforms) = preSolution
		Debug|Any CPU = Debug|Any CPU
		Release|Any CPU = Release|Any CPU
	EndGlobalSection
	GlobalSection(ProjectConfigurationPlatforms) = postSolution
		{29BF225F-9278-4B09-99EA-1717A5A330A9}.Debug|Any CPU.ActiveCfg = Debug|Any CPU
		{29BF225F-9278-4B09-99EA-1717A5A330A9}.Debug|Any CPU.Build.0 = Debug|Any CPU
		{29BF225F-9278-4B09-99EA-1717A5A330A9}.Release|Any CPU.ActiveCfg = Release|Any CPU
		{29BF225F-9278-4B09-99EA-1717A5A330A9}.Release|Any CPU.Build.0 = Release|Any CPU
	EndGlobalSection
	GlobalSection(SolutionProperties) = preSolution
		HideSolutionNode = FALSE
	EndGlobalSection
	GlobalSection(ExtensibilityGlobals) = postSolution
		SolutionGuid = {09448CD4-5DB6-4B5B-A6C4-7BB6655CE18C}
	EndGlobalSection
EndGlobal
